
Microsoft Visual Studio Solution File, Format Version 12.00
# Visual Studio 15
VisualStudioVersion = 15.0.28307.489
MinimumVisualStudioVersion = 10.0.40219.1
Project("{FAE04EC0-301F-11D3-BF4B-00C04F79EFBC}") = "Sorgu Sistemi", "Tarik_Cin\Sorgu Sistemi.csproj", "{4ED627AF-9258-433A-A9B7-D8736D98DD19}"
EndProject
Global
	GlobalSection(SolutionConfigurationPlatforms) = preSolution
		Debug|Any CPU = Debug|Any CPU
		Release|Any CPU = Release|Any CPU
	EndGlobalSection
	GlobalSection(ProjectConfigurationPlatforms) = postSolution
		{4ED627AF-9258-433A-A9B7-D8736D98DD19}.Debug|Any CPU.ActiveCfg = Debug|Any CPU
		{4ED627AF-9258-433A-A9B7-D8736D98DD19}.Debug|Any CPU.Build.0 = Debug|Any CPU
		{4ED627AF-9258-433A-A9B7-D8736D98DD19}.Release|Any CPU.ActiveCfg = Release|Any CPU
		{4ED627AF-9258-433A-A9B7-D8736D98DD19}.Release|Any CPU.Build.0 = Release|Any CPU
	EndGlobalSection
	GlobalSection(SolutionProperties) = preSolution
		HideSolutionNode = FALSE
	EndGlobalSection
	GlobalSection(ExtensibilityGlobals) = postSolution
		SolutionGuid = {8DEA30ED-47A7-4BED-9EBC-E601395A75CB}
	EndGlobalSection
EndGlobal
